// !$*UTF8*$!
{
	archiveVersion = 1;
	classes = {
	};
	objectVersion = 56;
	objects = {

/* Begin PBXBuildFile section */
		52BA0A202ACF3CEE00DE852D /* ChatBotApp.swift in Sources */ = {isa = PBXBuildFile; fileRef = 52BA0A1F2ACF3CEE00DE852D /* ChatBotApp.swift */; };
		52BA0A222ACF3CEE00DE852D /* ContentView.swift in Sources */ = {isa = PBXBuildFile; fileRef = 52BA0A212ACF3CEE00DE852D /* ContentView.swift */; };
		52BA0A242ACF3CEE00DE852D /* Assets.xcassets in Resources */ = {isa = PBXBuildFile; fileRef = 52BA0A232ACF3CEE00DE852D /* Assets.xcassets */; };
		52BA0A272ACF3CEE00DE852D /* Preview Assets.xcassets in Resources */ = {isa = PBXBuildFile; fileRef = 52BA0A262ACF3CEE00DE852D /* Preview Assets.xcassets */; };
		52BA0A2E2ACF457000DE852D /* AuthView.swift in Sources */ = {isa = PBXBuildFile; fileRef = 52BA0A2D2ACF457000DE852D /* AuthView.swift */; };
		52BA0A302ACF459500DE852D /* AuthViewModel.swift in Sources */ = {isa = PBXBuildFile; fileRef = 52BA0A2F2ACF459500DE852D /* AuthViewModel.swift */; };
		52BA0A322ACF45A700DE852D /* AuthService.swift in Sources */ = {isa = PBXBuildFile; fileRef = 52BA0A312ACF45A600DE852D /* AuthService.swift */; };
		52BA0A352AD07A5500DE852D /* GoogleService-Info.plist in Resources */ = {isa = PBXBuildFile; fileRef = 52BA0A342AD07A5500DE852D /* GoogleService-Info.plist */; };
		52BA0A382AD07C5300DE852D /* FirebaseAuth in Frameworks */ = {isa = PBXBuildFile; productRef = 52BA0A372AD07C5300DE852D /* FirebaseAuth */; };
		52BA0A3A2AD07C5300DE852D /* FirebaseFirestore in Frameworks */ = {isa = PBXBuildFile; productRef = 52BA0A392AD07C5300DE852D /* FirebaseFirestore */; };
		52BA0A3C2AD07C5300DE852D /* FirebaseFirestoreSwift in Frameworks */ = {isa = PBXBuildFile; productRef = 52BA0A3B2AD07C5300DE852D /* FirebaseFirestoreSwift */; };
		52BA0A3E2AD0815200DE852D /* AppState.swift in Sources */ = {isa = PBXBuildFile; fileRef = 52BA0A3D2AD0815200DE852D /* AppState.swift */; };
/* End PBXBuildFile section */

/* Begin PBXFileReference section */
		52BA0A1C2ACF3CEE00DE852D /* ChatBot.app */ = {isa = PBXFileReference; explicitFileType = wrapper.application; includeInIndex = 0; path = ChatBot.app; sourceTree = BUILT_PRODUCTS_DIR; };
		52BA0A1F2ACF3CEE00DE852D /* ChatBotApp.swift */ = {isa = PBXFileReference; lastKnownFileType = sourcecode.swift; path = ChatBotApp.swift; sourceTree = "<group>"; };
		52BA0A212ACF3CEE00DE852D /* ContentView.swift */ = {isa = PBXFileReference; lastKnownFileType = sourcecode.swift; path = ContentView.swift; sourceTree = "<group>"; };
		52BA0A232ACF3CEE00DE852D /* Assets.xcassets */ = {isa = PBXFileReference; lastKnownFileType = folder.assetcatalog; path = Assets.xcassets; sourceTree = "<group>"; };
		52BA0A262ACF3CEE00DE852D /* Preview Assets.xcassets */ = {isa = PBXFileReference; lastKnownFileType = folder.assetcatalog; path = "Preview Assets.xcassets"; sourceTree = "<group>"; };
		52BA0A2D2ACF457000DE852D /* AuthView.swift */ = {isa = PBXFileReference; lastKnownFileType = sourcecode.swift; path = AuthView.swift; sourceTree = "<group>"; };
		52BA0A2F2ACF459500DE852D /* AuthViewModel.swift */ = {isa = PBXFileReference; lastKnownFileType = sourcecode.swift; path = AuthViewModel.swift; sourceTree = "<group>"; };
		52BA0A312ACF45A600DE852D /* AuthService.swift */ = {isa = PBXFileReference; lastKnownFileType = sourcecode.swift; path = AuthService.swift; sourceTree = "<group>"; };
		52BA0A342AD07A5500DE852D /* GoogleService-Info.plist */ = {isa = PBXFileReference; fileEncoding = 4; lastKnownFileType = text.plist.xml; path = "GoogleService-Info.plist"; sourceTree = "<group>"; };
		52BA0A3D2AD0815200DE852D /* AppState.swift */ = {isa = PBXFileReference; lastKnownFileType = sourcecode.swift; path = AppState.swift; sourceTree = "<group>"; };
/* End PBXFileReference section */

/* Begin PBXFrameworksBuildPhase section */
		52BA0A192ACF3CED00DE852D /* Frameworks */ = {
			isa = PBXFrameworksBuildPhase;
			buildActionMask = 2147483647;
			files = (
				52BA0A382AD07C5300DE852D /* FirebaseAuth in Frameworks */,
				52BA0A3A2AD07C5300DE852D /* FirebaseFirestore in Frameworks */,
				52BA0A3C2AD07C5300DE852D /* FirebaseFirestoreSwift in Frameworks */,
			);
			runOnlyForDeploymentPostprocessing = 0;
		};
/* End PBXFrameworksBuildPhase section */

/* Begin PBXGroup section */
		52BA0A132ACF3CED00DE852D = {
			isa = PBXGroup;
			children = (
				52BA0A1E2ACF3CEE00DE852D /* ChatBot */,
				52BA0A1D2ACF3CEE00DE852D /* Products */,
			);
			sourceTree = "<group>";
		};
		52BA0A1D2ACF3CEE00DE852D /* Products */ = {
			isa = PBXGroup;
			children = (
				52BA0A1C2ACF3CEE00DE852D /* ChatBot.app */,
			);
			name = Products;
			sourceTree = "<group>";
		};
		52BA0A1E2ACF3CEE00DE852D /* ChatBot */ = {
			isa = PBXGroup;
			children = (
				52BA0A342AD07A5500DE852D /* GoogleService-Info.plist */,
				52BA0A1F2ACF3CEE00DE852D /* ChatBotApp.swift */,
				52BA0A212ACF3CEE00DE852D /* ContentView.swift */,
				52BA0A332ACF45B700DE852D /* Authentication */,
				52BA0A232ACF3CEE00DE852D /* Assets.xcassets */,
				52BA0A252ACF3CEE00DE852D /* Preview Content */,
				52BA0A3D2AD0815200DE852D /* AppState.swift */,
			);
			path = ChatBot;
			sourceTree = "<group>";
		};
		52BA0A252ACF3CEE00DE852D /* Preview Content */ = {
			isa = PBXGroup;
			children = (
				52BA0A262ACF3CEE00DE852D /* Preview Assets.xcassets */,
			);
			path = "Preview Content";
			sourceTree = "<group>";
		};
		52BA0A332ACF45B700DE852D /* Authentication */ = {
			isa = PBXGroup;
			children = (
				52BA0A2D2ACF457000DE852D /* AuthView.swift */,
				52BA0A2F2ACF459500DE852D /* AuthViewModel.swift */,
				52BA0A312ACF45A600DE852D /* AuthService.swift */,
			);
			path = Authentication;
			sourceTree = "<group>";
		};
/* End PBXGroup section */

/* Begin PBXNativeTarget section */
		52BA0A1B2ACF3CED00DE852D /* ChatBot */ = {
			isa = PBXNativeTarget;
			buildConfigurationList = 52BA0A2A2ACF3CEE00DE852D /* Build configuration list for PBXNativeTarget "ChatBot" */;
			buildPhases = (
				52BA0A182ACF3CED00DE852D /* Sources */,
				52BA0A192ACF3CED00DE852D /* Frameworks */,
				52BA0A1A2ACF3CED00DE852D /* Resources */,
			);
			buildRules = (
			);
			dependencies = (
			);
			name = ChatBot;
			packageProductDependencies = (
				52BA0A372AD07C5300DE852D /* FirebaseAuth */,
				52BA0A392AD07C5300DE852D /* FirebaseFirestore */,
				52BA0A3B2AD07C5300DE852D /* FirebaseFirestoreSwift */,
			);
			productName = ChatBot;
			productReference = 52BA0A1C2ACF3CEE00DE852D /* ChatBot.app */;
			productType = "com.apple.product-type.application";
		};
/* End PBXNativeTarget section */

/* Begin PBXProject section */
		52BA0A142ACF3CED00DE852D /* Project object */ = {
			isa = PBXProject;
			attributes = {
				BuildIndependentTargetsInParallel = 1;
				LastSwiftUpdateCheck = 1430;
				LastUpgradeCheck = 1430;
				TargetAttributes = {
					52BA0A1B2ACF3CED00DE852D = {
						CreatedOnToolsVersion = 14.3.1;
					};
				};
			};
			buildConfigurationList = 52BA0A172ACF3CED00DE852D /* Build configuration list for PBXProject "ChatBot" */;
			compatibilityVersion = "Xcode 14.0";
			developmentRegion = en;
			hasScannedForEncodings = 0;
			knownRegions = (
				en,
				Base,
			);
			mainGroup = 52BA0A132ACF3CED00DE852D;
			packageReferences = (
				52BA0A362AD07C5300DE852D /* XCRemoteSwiftPackageReference "firebase-ios-sdk" */,
			);
			productRefGroup = 52BA0A1D2ACF3CEE00DE852D /* Products */;
			projectDirPath = "";
			projectRoot = "";
			targets = (
				52BA0A1B2ACF3CED00DE852D /* ChatBot */,
			);
		};
/* End PBXProject section */

/* Begin PBXResourcesBuildPhase section */
		52BA0A1A2ACF3CED00DE852D /* Resources */ = {
			isa = PBXResourcesBuildPhase;
			buildActionMask = 2147483647;
			files = (
				52BA0A272ACF3CEE00DE852D /* Preview Assets.xcassets in Resources */,
				52BA0A352AD07A5500DE852D /* GoogleService-Info.plist in Resources */,
				52BA0A242ACF3CEE00DE852D /* Assets.xcassets in Resources */,
			);
			runOnlyForDeploymentPostprocessing = 0;
		};
/* End PBXResourcesBuildPhase section */

/* Begin PBXSourcesBuildPhase section */
		52BA0A182ACF3CED00DE852D /* Sources */ = {
			isa = PBXSourcesBuildPhase;
			buildActionMask = 2147483647;
			files = (
				52BA0A302ACF459500DE852D /* AuthViewModel.swift in Sources */,
				52BA0A222ACF3CEE00DE852D /* ContentView.swift in Sources */,
				52BA0A322ACF45A700DE852D /* AuthService.swift in Sources */,
				52BA0A3E2AD0815200DE852D /* AppState.swift in Sources */,
				52BA0A202ACF3CEE00DE852D /* ChatBotApp.swift in Sources */,
				52BA0A2E2ACF457000DE852D /* AuthView.swift in Sources */,
			);
			runOnlyForDeploymentPostprocessing = 0;
		};
/* End PBXSourcesBuildPhase section */

/* Begin XCBuildConfiguration section */
		52BA0A282ACF3CEE00DE852D /* Debug */ = {
			isa = XCBuildConfiguration;
			buildSettings = {
				ALWAYS_SEARCH_USER_PATHS = NO;
				CLANG_ANALYZER_NONNULL = YES;
				CLANG_ANALYZER_NUMBER_OBJECT_CONVERSION = YES_AGGRESSIVE;
				CLANG_CXX_LANGUAGE_STANDARD = "gnu++20";
				CLANG_ENABLE_MODULES = YES;
				CLANG_ENABLE_OBJC_ARC = YES;
				CLANG_ENABLE_OBJC_WEAK = YES;
				CLANG_WARN_BLOCK_CAPTURE_AUTORELEASING = YES;
				CLANG_WARN_BOOL_CONVERSION = YES;
				CLANG_WARN_COMMA = YES;
				CLANG_WARN_CONSTANT_CONVERSION = YES;
				CLANG_WARN_DEPRECATED_OBJC_IMPLEMENTATIONS = YES;
				CLANG_WARN_DIRECT_OBJC_ISA_USAGE = YES_ERROR;
				CLANG_WARN_DOCUMENTATION_COMMENTS = YES;
				CLANG_WARN_EMPTY_BODY = YES;
				CLANG_WARN_ENUM_CONVERSION = YES;
				CLANG_WARN_INFINITE_RECURSION = YES;
				CLANG_WARN_INT_CONVERSION = YES;
				CLANG_WARN_NON_LITERAL_NULL_CONVERSION = YES;
				CLANG_WARN_OBJC_IMPLICIT_RETAIN_SELF = YES;
				CLANG_WARN_OBJC_LITERAL_CONVERSION = YES;
				CLANG_WARN_OBJC_ROOT_CLASS = YES_ERROR;
				CLANG_WARN_QUOTED_INCLUDE_IN_FRAMEWORK_HEADER = YES;
				CLANG_WARN_RANGE_LOOP_ANALYSIS = YES;
				CLANG_WARN_STRICT_PROTOTYPES = YES;
				CLANG_WARN_SUSPICIOUS_MOVE = YES;
				CLANG_WARN_UNGUARDED_AVAILABILITY = YES_AGGRESSIVE;
				CLANG_WARN_UNREACHABLE_CODE = YES;
				CLANG_WARN__DUPLICATE_METHOD_MATCH = YES;
				COPY_PHASE_STRIP = NO;
				DEBUG_INFORMATION_FORMAT = dwarf;
				ENABLE_STRICT_OBJC_MSGSEND = YES;
				ENABLE_TESTABILITY = YES;
				GCC_C_LANGUAGE_STANDARD = gnu11;
				GCC_DYNAMIC_NO_PIC = NO;
				GCC_NO_COMMON_BLOCKS = YES;
				GCC_OPTIMIZATION_LEVEL = 0;
				GCC_PREPROCESSOR_DEFINITIONS = (
					"DEBUG=1",
					"$(inherited)",
				);
				GCC_WARN_64_TO_32_BIT_CONVERSION = YES;
				GCC_WARN_ABOUT_RETURN_TYPE = YES_ERROR;
				GCC_WARN_UNDECLARED_SELECTOR = YES;
				GCC_WARN_UNINITIALIZED_AUTOS = YES_AGGRESSIVE;
				GCC_WARN_UNUSED_FUNCTION = YES;
				GCC_WARN_UNUSED_VARIABLE = YES;
				IPHONEOS_DEPLOYMENT_TARGET = 16.4;
				MTL_ENABLE_DEBUG_INFO = INCLUDE_SOURCE;
				MTL_FAST_MATH = YES;
				ONLY_ACTIVE_ARCH = YES;
				SDKROOT = iphoneos;
				SWIFT_ACTIVE_COMPILATION_CONDITIONS = DEBUG;
				SWIFT_OPTIMIZATION_LEVEL = "-Onone";
			};
			name = Debug;
		};
		52BA0A292ACF3CEE00DE852D /* Release */ = {
			isa = XCBuildConfiguration;
			buildSettings = {
				ALWAYS_SEARCH_USER_PATHS = NO;
				CLANG_ANALYZER_NONNULL = YES;
				CLANG_ANALYZER_NUMBER_OBJECT_CONVERSION = YES_AGGRESSIVE;
				CLANG_CXX_LANGUAGE_STANDARD = "gnu++20";
				CLANG_ENABLE_MODULES = YES;
				CLANG_ENABLE_OBJC_ARC = YES;
				CLANG_ENABLE_OBJC_WEAK = YES;
				CLANG_WARN_BLOCK_CAPTURE_AUTORELEASING = YES;
				CLANG_WARN_BOOL_CONVERSION = YES;
				CLANG_WARN_COMMA = YES;
				CLANG_WARN_CONSTANT_CONVERSION = YES;
				CLANG_WARN_DEPRECATED_OBJC_IMPLEMENTATIONS = YES;
				CLANG_WARN_DIRECT_OBJC_ISA_USAGE = YES_ERROR;
				CLANG_WARN_DOCUMENTATION_COMMENTS = YES;
				CLANG_WARN_EMPTY_BODY = YES;
				CLANG_WARN_ENUM_CONVERSION = YES;
				CLANG_WARN_INFINITE_RECURSION = YES;
				CLANG_WARN_INT_CONVERSION = YES;
				CLANG_WARN_NON_LITERAL_NULL_CONVERSION = YES;
				CLANG_WARN_OBJC_IMPLICIT_RETAIN_SELF = YES;
				CLANG_WARN_OBJC_LITERAL_CONVERSION = YES;
				CLANG_WARN_OBJC_ROOT_CLASS = YES_ERROR;
				CLANG_WARN_QUOTED_INCLUDE_IN_FRAMEWORK_HEADER = YES;
				CLANG_WARN_RANGE_LOOP_ANALYSIS = YES;
				CLANG_WARN_STRICT_PROTOTYPES = YES;
				CLANG_WARN_SUSPICIOUS_MOVE = YES;
				CLANG_WARN_UNGUARDED_AVAILABILITY = YES_AGGRESSIVE;
				CLANG_WARN_UNREACHABLE_CODE = YES;
				CLANG_WARN__DUPLICATE_METHOD_MATCH = YES;
				COPY_PHASE_STRIP = NO;
				DEBUG_INFORMATION_FORMAT = "dwarf-with-dsym";
				ENABLE_NS_ASSERTIONS = NO;
				ENABLE_STRICT_OBJC_MSGSEND = YES;
				GCC_C_LANGUAGE_STANDARD = gnu11;
				GCC_NO_COMMON_BLOCKS = YES;
				GCC_WARN_64_TO_32_BIT_CONVERSION = YES;
				GCC_WARN_ABOUT_RETURN_TYPE = YES_ERROR;
				GCC_WARN_UNDECLARED_SELECTOR = YES;
				GCC_WARN_UNINITIALIZED_AUTOS = YES_AGGRESSIVE;
				GCC_WARN_UNUSED_FUNCTION = YES;
				GCC_WARN_UNUSED_VARIABLE = YES;
				IPHONEOS_DEPLOYMENT_TARGET = 16.4;
				MTL_ENABLE_DEBUG_INFO = NO;
				MTL_FAST_MATH = YES;
				SDKROOT = iphoneos;
				SWIFT_COMPILATION_MODE = wholemodule;
				SWIFT_OPTIMIZATION_LEVEL = "-O";
				VALIDATE_PRODUCT = YES;
			};
			name = Release;
		};
		52BA0A2B2ACF3CEE00DE852D /* Debug */ = {
			isa = XCBuildConfiguration;
			buildSettings = {
				ASSETCATALOG_COMPILER_APPICON_NAME = AppIcon;
				ASSETCATALOG_COMPILER_GLOBAL_ACCENT_COLOR_NAME = AccentColor;
				CODE_SIGN_STYLE = Automatic;
				CURRENT_PROJECT_VERSION = 1;
				DEVELOPMENT_ASSET_PATHS = "\"ChatBot/Preview Content\"";
				DEVELOPMENT_TEAM = MPTU59K97X;
				ENABLE_PREVIEWS = YES;
				GENERATE_INFOPLIST_FILE = YES;
				INFOPLIST_KEY_UIApplicationSceneManifest_Generation = YES;
				INFOPLIST_KEY_UIApplicationSupportsIndirectInputEvents = YES;
				INFOPLIST_KEY_UILaunchScreen_Generation = YES;
				INFOPLIST_KEY_UISupportedInterfaceOrientations_iPad = "UIInterfaceOrientationPortrait UIInterfaceOrientationPortraitUpsideDown UIInterfaceOrientationLandscapeLeft UIInterfaceOrientationLandscapeRight";
				INFOPLIST_KEY_UISupportedInterfaceOrientations_iPhone = "UIInterfaceOrientationPortrait UIInterfaceOrientationLandscapeLeft UIInterfaceOrientationLandscapeRight";
				LD_RUNPATH_SEARCH_PATHS = (
					"$(inherited)",
					"@executable_path/Frameworks",
				);
				MARKETING_VERSION = 1.0;
				PRODUCT_BUNDLE_IDENTIFIER = EcemOzturk.ChatBot;
				PRODUCT_NAME = "$(TARGET_NAME)";
				SWIFT_EMIT_LOC_STRINGS = YES;
				SWIFT_VERSION = 5.0;
				TARGETED_DEVICE_FAMILY = "1,2";
			};
			name = Debug;
		};
		52BA0A2C2ACF3CEE00DE852D /* Release */ = {
			isa = XCBuildConfiguration;
			buildSettings = {
				ASSETCATALOG_COMPILER_APPICON_NAME = AppIcon;
				ASSETCATALOG_COMPILER_GLOBAL_ACCENT_COLOR_NAME = AccentColor;
				CODE_SIGN_STYLE = Automatic;
				CURRENT_PROJECT_VERSION = 1;
				DEVELOPMENT_ASSET_PATHS = "\"ChatBot/Preview Content\"";
				DEVELOPMENT_TEAM = MPTU59K97X;
				ENABLE_PREVIEWS = YES;
				GENERATE_INFOPLIST_FILE = YES;
				INFOPLIST_KEY_UIApplicationSceneManifest_Generation = YES;
				INFOPLIST_KEY_UIApplicationSupportsIndirectInputEvents = YES;
				INFOPLIST_KEY_UILaunchScreen_Generation = YES;
				INFOPLIST_KEY_UISupportedInterfaceOrientations_iPad = "UIInterfaceOrientationPortrait UIInterfaceOrientationPortraitUpsideDown UIInterfaceOrientationLandscapeLeft UIInterfaceOrientationLandscapeRight";
				INFOPLIST_KEY_UISupportedInterfaceOrientations_iPhone = "UIInterfaceOrientationPortrait UIInterfaceOrientationLandscapeLeft UIInterfaceOrientationLandscapeRight";
				LD_RUNPATH_SEARCH_PATHS = (
					"$(inherited)",
					"@executable_path/Frameworks",
				);
				MARKETING_VERSION = 1.0;
				PRODUCT_BUNDLE_IDENTIFIER = EcemOzturk.ChatBot;
				PRODUCT_NAME = "$(TARGET_NAME)";
				SWIFT_EMIT_LOC_STRINGS = YES;
				SWIFT_VERSION = 5.0;
				TARGETED_DEVICE_FAMILY = "1,2";
			};
			name = Release;
		};
/* End XCBuildConfiguration section */

/* Begin XCConfigurationList section */
		52BA0A172ACF3CED00DE852D /* Build configuration list for PBXProject "ChatBot" */ = {
			isa = XCConfigurationList;
			buildConfigurations = (
				52BA0A282ACF3CEE00DE852D /* Debug */,
				52BA0A292ACF3CEE00DE852D /* Release */,
			);
			defaultConfigurationIsVisible = 0;
			defaultConfigurationName = Release;
		};
		52BA0A2A2ACF3CEE00DE852D /* Build configuration list for PBXNativeTarget "ChatBot" */ = {
			isa = XCConfigurationList;
			buildConfigurations = (
				52BA0A2B2ACF3CEE00DE852D /* Debug */,
				52BA0A2C2ACF3CEE00DE852D /* Release */,
			);
			defaultConfigurationIsVisible = 0;
			defaultConfigurationName = Release;
		};
/* End XCConfigurationList section */

/* Begin XCRemoteSwiftPackageReference section */
		52BA0A362AD07C5300DE852D /* XCRemoteSwiftPackageReference "firebase-ios-sdk" */ = {
			isa = XCRemoteSwiftPackageReference;
			repositoryURL = "https://github.com/firebase/firebase-ios-sdk";
			requirement = {
				kind = upToNextMajorVersion;
				minimumVersion = 10.0.0;
			};
		};
/* End XCRemoteSwiftPackageReference section */

/* Begin XCSwiftPackageProductDependency section */
		52BA0A372AD07C5300DE852D /* FirebaseAuth */ = {
			isa = XCSwiftPackageProductDependency;
			package = 52BA0A362AD07C5300DE852D /* XCRemoteSwiftPackageReference "firebase-ios-sdk" */;
			productName = FirebaseAuth;
		};
		52BA0A392AD07C5300DE852D /* FirebaseFirestore */ = {
			isa = XCSwiftPackageProductDependency;
			package = 52BA0A362AD07C5300DE852D /* XCRemoteSwiftPackageReference "firebase-ios-sdk" */;
			productName = FirebaseFirestore;
		};
		52BA0A3B2AD07C5300DE852D /* FirebaseFirestoreSwift */ = {
			isa = XCSwiftPackageProductDependency;
			package = 52BA0A362AD07C5300DE852D /* XCRemoteSwiftPackageReference "firebase-ios-sdk" */;
			productName = FirebaseFirestoreSwift;
		};
/* End XCSwiftPackageProductDependency section */
	};
	rootObject = 52BA0A142ACF3CED00DE852D /* Project object */;
}
